
Microsoft Visual Studio Solution File, Format Version 12.00
# Visual Studio Version 16
VisualStudioVersion = 16.0.31410.357
MinimumVisualStudioVersion = 10.0.40219.1
Project("{FAE04EC0-301F-11D3-BF4B-00C04F79EFBC}") = "AppTmDb", "AppTmDb\AppTmDb.csproj", "{477C176F-8AC1-4D7E-9D78-FBBA4376D571}"
EndProject
Global
	GlobalSection(SolutionConfigurationPlatforms) = preSolution
		Debug|Any CPU = Debug|Any CPU
		Release|Any CPU = Release|Any CPU
	EndGlobalSection
	GlobalSection(ProjectConfigurationPlatforms) = postSolution
		{477C176F-8AC1-4D7E-9D78-FBBA4376D571}.Debug|Any CPU.ActiveCfg = Debug|Any CPU
		{477C176F-8AC1-4D7E-9D78-FBBA4376D571}.Debug|Any CPU.Build.0 = Debug|Any CPU
		{477C176F-8AC1-4D7E-9D78-FBBA4376D571}.Release|Any CPU.ActiveCfg = Release|Any CPU
		{477C176F-8AC1-4D7E-9D78-FBBA4376D571}.Release|Any CPU.Build.0 = Release|Any CPU
	EndGlobalSection
	GlobalSection(SolutionProperties) = preSolution
		HideSolutionNode = FALSE
	EndGlobalSection
	GlobalSection(ExtensibilityGlobals) = postSolution
		SolutionGuid = {FB464F67-46E0-49CF-8492-441500DF0628}
	EndGlobalSection
EndGlobal
